
Microsoft Visual Studio Solution File, Format Version 12.00
# Visual Studio Version 17
VisualStudioVersion = 17.3.32901.215
MinimumVisualStudioVersion = 10.0.40219.1
Project("{FAE04EC0-301F-11D3-BF4B-00C04F79EFBC}") = "DIVISOR PEDIDOS", "DIVISOR PEDIDOS.csproj", "{9BB6670F-AF46-4555-BFCD-EEFD484A3D26}"
EndProject
Global
	GlobalSection(SolutionConfigurationPlatforms) = preSolution
		Debug|Any CPU = Debug|Any CPU
		Release|Any CPU = Release|Any CPU
	EndGlobalSection
	GlobalSection(ProjectConfigurationPlatforms) = postSolution
		{9BB6670F-AF46-4555-BFCD-EEFD484A3D26}.Debug|Any CPU.ActiveCfg = Debug|Any CPU
		{9BB6670F-AF46-4555-BFCD-EEFD484A3D26}.Debug|Any CPU.Build.0 = Debug|Any CPU
		{9BB6670F-AF46-4555-BFCD-EEFD484A3D26}.Release|Any CPU.ActiveCfg = Release|Any CPU
		{9BB6670F-AF46-4555-BFCD-EEFD484A3D26}.Release|Any CPU.Build.0 = Release|Any CPU
	EndGlobalSection
	GlobalSection(SolutionProperties) = preSolution
		HideSolutionNode = FALSE
	EndGlobalSection
	GlobalSection(ExtensibilityGlobals) = postSolution
		SolutionGuid = {5B54B66D-117B-4EE4-BE97-EA8B497C76EB}
	EndGlobalSection
EndGlobal
